github.com/thecsw/haruhi v0.4.0 h1:RqNAY7oomprgpcCdJzY3JPdeOehW0/lP3t1EP71QKMU=
github.com/thecsw/haruhi v0.4.0/go.mod h1:rhvLzL4mDE5fk7UTWKGnXyagnWygmb0p1bW9ntZ8N6Y=
github.com/thecsw/rei v0.0.3 h1:Ly8cZywCD/AW6GxPdSdtnpPFfs/BLCaE0YdNoJiAfH8=
github.com/thecsw/rei v0.0.3/go.mod h1:0hqibqj6krqTnjjyK2KROY3SuXPhKy2HAXt9bZKcuLc=
